// !$*UTF8*$!
{
	archiveVersion = 1;
	classes = {
	};
	objectVersion = 56;
	objects = {

/* Begin PBXBuildFile section */
		683207242BCA4BDA00817BC4 /* AppDelegate.swift in Sources */ = {isa = PBXBuildFile; fileRef = 683207232BCA4BDA00817BC4 /* AppDelegate.swift */; };
		683207262BCA4BDA00817BC4 /* SceneDelegate.swift in Sources */ = {isa = PBXBuildFile; fileRef = 683207252BCA4BDA00817BC4 /* SceneDelegate.swift */; };
		6832072B2BCA4BDA00817BC4 /* Main.storyboard in Resources */ = {isa = PBXBuildFile; fileRef = 683207292BCA4BDA00817BC4 /* Main.storyboard */; };
		6832072D2BCA4BDB00817BC4 /* Assets.xcassets in Resources */ = {isa = PBXBuildFile; fileRef = 6832072C2BCA4BDB00817BC4 /* Assets.xcassets */; };
		683207302BCA4BDB00817BC4 /* LaunchScreen.storyboard in Resources */ = {isa = PBXBuildFile; fileRef = 6832072E2BCA4BDB00817BC4 /* LaunchScreen.storyboard */; };
		683207422BCA565200817BC4 /* Constant.swift in Sources */ = {isa = PBXBuildFile; fileRef = 683207412BCA565200817BC4 /* Constant.swift */; };
		683207442BCA577F00817BC4 /* Product.swift in Sources */ = {isa = PBXBuildFile; fileRef = 683207432BCA577F00817BC4 /* Product.swift */; };
		683207462BCA580E00817BC4 /* APIManager.swift in Sources */ = {isa = PBXBuildFile; fileRef = 683207452BCA580E00817BC4 /* APIManager.swift */; };
/* End PBXBuildFile section */

/* Begin PBXFileReference section */
		683207202BCA4BDA00817BC4 /* 22_01_24_MVVMDemo.app */ = {isa = PBXFileReference; explicitFileType = wrapper.application; includeInIndex = 0; path = 22_01_24_MVVMDemo.app; sourceTree = BUILT_PRODUCTS_DIR; };
		683207232BCA4BDA00817BC4 /* AppDelegate.swift */ = {isa = PBXFileReference; lastKnownFileType = sourcecode.swift; path = AppDelegate.swift; sourceTree = "<group>"; };
		683207252BCA4BDA00817BC4 /* SceneDelegate.swift */ = {isa = PBXFileReference; lastKnownFileType = sourcecode.swift; path = SceneDelegate.swift; sourceTree = "<group>"; };
		6832072A2BCA4BDA00817BC4 /* Base */ = {isa = PBXFileReference; lastKnownFileType = file.storyboard; name = Base; path = Base.lproj/Main.storyboard; sourceTree = "<group>"; };
		6832072C2BCA4BDB00817BC4 /* Assets.xcassets */ = {isa = PBXFileReference; lastKnownFileType = folder.assetcatalog; path = Assets.xcassets; sourceTree = "<group>"; };
		6832072F2BCA4BDB00817BC4 /* Base */ = {isa = PBXFileReference; lastKnownFileType = file.storyboard; name = Base; path = Base.lproj/LaunchScreen.storyboard; sourceTree = "<group>"; };
		683207312BCA4BDB00817BC4 /* Info.plist */ = {isa = PBXFileReference; lastKnownFileType = text.plist.xml; path = Info.plist; sourceTree = "<group>"; };
		683207412BCA565200817BC4 /* Constant.swift */ = {isa = PBXFileReference; lastKnownFileType = sourcecode.swift; path = Constant.swift; sourceTree = "<group>"; };
		683207432BCA577F00817BC4 /* Product.swift */ = {isa = PBXFileReference; lastKnownFileType = sourcecode.swift; path = Product.swift; sourceTree = "<group>"; };
		683207452BCA580E00817BC4 /* APIManager.swift */ = {isa = PBXFileReference; lastKnownFileType = sourcecode.swift; path = APIManager.swift; sourceTree = "<group>"; };
/* End PBXFileReference section */

/* Begin PBXFrameworksBuildPhase section */
		6832071D2BCA4BDA00817BC4 /* Frameworks */ = {
			isa = PBXFrameworksBuildPhase;
			buildActionMask = 2147483647;
			files = (
			);
			runOnlyForDeploymentPostprocessing = 0;
		};
/* End PBXFrameworksBuildPhase section */

/* Begin PBXGroup section */
		683207172BCA4BDA00817BC4 = {
			isa = PBXGroup;
			children = (
				683207222BCA4BDA00817BC4 /* 22_01_24_MVVMDemo */,
				683207212BCA4BDA00817BC4 /* Products */,
			);
			sourceTree = "<group>";
		};
		683207212BCA4BDA00817BC4 /* Products */ = {
			isa = PBXGroup;
			children = (
				683207202BCA4BDA00817BC4 /* 22_01_24_MVVMDemo.app */,
			);
			name = Products;
			sourceTree = "<group>";
		};
		683207222BCA4BDA00817BC4 /* 22_01_24_MVVMDemo */ = {
			isa = PBXGroup;
			children = (
				683207402BCA55C500817BC4 /* Resources */,
				6832073F2BCA559500817BC4 /* Storyboard */,
				6832073A2BCA543200817BC4 /* Screens */,
				683207392BCA542000817BC4 /* Constant */,
				683207382BCA541500817BC4 /* Helper */,
				683207372BCA540400817BC4 /* Application */,
				683207312BCA4BDB00817BC4 /* Info.plist */,
			);
			path = 22_01_24_MVVMDemo;
			sourceTree = "<group>";
		};
		683207372BCA540400817BC4 /* Application */ = {
			isa = PBXGroup;
			children = (
				683207232BCA4BDA00817BC4 /* AppDelegate.swift */,
				683207252BCA4BDA00817BC4 /* SceneDelegate.swift */,
			);
			path = Application;
			sourceTree = "<group>";
		};
		683207382BCA541500817BC4 /* Helper */ = {
			isa = PBXGroup;
			children = (
				683207452BCA580E00817BC4 /* APIManager.swift */,
			);
			path = Helper;
			sourceTree = "<group>";
		};
		683207392BCA542000817BC4 /* Constant */ = {
			isa = PBXGroup;
			children = (
				683207412BCA565200817BC4 /* Constant.swift */,
			);
			path = Constant;
			sourceTree = "<group>";
		};
		6832073A2BCA543200817BC4 /* Screens */ = {
			isa = PBXGroup;
			children = (
				6832073B2BCA544000817BC4 /* Product */,
			);
			path = Screens;
			sourceTree = "<group>";
		};
		6832073B2BCA544000817BC4 /* Product */ = {
			isa = PBXGroup;
			children = (
				6832073E2BCA545D00817BC4 /* ViewModel */,
				6832073D2BCA545700817BC4 /* Model */,
				6832073C2BCA545100817BC4 /* View */,
			);
			path = Product;
			sourceTree = "<group>";
		};
		6832073C2BCA545100817BC4 /* View */ = {
			isa = PBXGroup;
			children = (
			);
			path = View;
			sourceTree = "<group>";
		};
		6832073D2BCA545700817BC4 /* Model */ = {
			isa = PBXGroup;
			children = (
				683207432BCA577F00817BC4 /* Product.swift */,
			);
			path = Model;
			sourceTree = "<group>";
		};
		6832073E2BCA545D00817BC4 /* ViewModel */ = {
			isa = PBXGroup;
			children = (
			);
			path = ViewModel;
			sourceTree = "<group>";
		};
		6832073F2BCA559500817BC4 /* Storyboard */ = {
			isa = PBXGroup;
			children = (
				683207292BCA4BDA00817BC4 /* Main.storyboard */,
				6832072E2BCA4BDB00817BC4 /* LaunchScreen.storyboard */,
			);
			path = Storyboard;
			sourceTree = "<group>";
		};
		683207402BCA55C500817BC4 /* Resources */ = {
			isa = PBXGroup;
			children = (
				6832072C2BCA4BDB00817BC4 /* Assets.xcassets */,
			);
			path = Resources;
			sourceTree = "<group>";
		};
/* End PBXGroup section */

/* Begin PBXNativeTarget section */
		6832071F2BCA4BDA00817BC4 /* 22_01_24_MVVMDemo */ = {
			isa = PBXNativeTarget;
			buildConfigurationList = 683207342BCA4BDB00817BC4 /* Build configuration list for PBXNativeTarget "22_01_24_MVVMDemo" */;
			buildPhases = (
				6832071C2BCA4BDA00817BC4 /* Sources */,
				6832071D2BCA4BDA00817BC4 /* Frameworks */,
				6832071E2BCA4BDA00817BC4 /* Resources */,
			);
			buildRules = (
			);
			dependencies = (
			);
			name = 22_01_24_MVVMDemo;
			productName = 22_01_24_MVVMDemo;
			productReference = 683207202BCA4BDA00817BC4 /* 22_01_24_MVVMDemo.app */;
			productType = "com.apple.product-type.application";
		};
/* End PBXNativeTarget section */

/* Begin PBXProject section */
		683207182BCA4BDA00817BC4 /* Project object */ = {
			isa = PBXProject;
			attributes = {
				BuildIndependentTargetsInParallel = 1;
				LastSwiftUpdateCheck = 1400;
				LastUpgradeCheck = 1400;
				TargetAttributes = {
					6832071F2BCA4BDA00817BC4 = {
						CreatedOnToolsVersion = 14.0;
					};
				};
			};
			buildConfigurationList = 6832071B2BCA4BDA00817BC4 /* Build configuration list for PBXProject "22_01_24_MVVMDemo" */;
			compatibilityVersion = "Xcode 14.0";
			developmentRegion = en;
			hasScannedForEncodings = 0;
			knownRegions = (
				en,
				Base,
			);
			mainGroup = 683207172BCA4BDA00817BC4;
			productRefGroup = 683207212BCA4BDA00817BC4 /* Products */;
			projectDirPath = "";
			projectRoot = "";
			targets = (
				6832071F2BCA4BDA00817BC4 /* 22_01_24_MVVMDemo */,
			);
		};
/* End PBXProject section */

/* Begin PBXResourcesBuildPhase section */
		6832071E2BCA4BDA00817BC4 /* Resources */ = {
			isa = PBXResourcesBuildPhase;
			buildActionMask = 2147483647;
			files = (
				683207302BCA4BDB00817BC4 /* LaunchScreen.storyboard in Resources */,
				6832072D2BCA4BDB00817BC4 /* Assets.xcassets in Resources */,
				6832072B2BCA4BDA00817BC4 /* Main.storyboard in Resources */,
			);
			runOnlyForDeploymentPostprocessing = 0;
		};
/* End PBXResourcesBuildPhase section */

/* Begin PBXSourcesBuildPhase section */
		6832071C2BCA4BDA00817BC4 /* Sources */ = {
			isa = PBXSourcesBuildPhase;
			buildActionMask = 2147483647;
			files = (
				683207242BCA4BDA00817BC4 /* AppDelegate.swift in Sources */,
				683207442BCA577F00817BC4 /* Product.swift in Sources */,
				683207462BCA580E00817BC4 /* APIManager.swift in Sources */,
				683207262BCA4BDA00817BC4 /* SceneDelegate.swift in Sources */,
				683207422BCA565200817BC4 /* Constant.swift in Sources */,
			);
			runOnlyForDeploymentPostprocessing = 0;
		};
/* End PBXSourcesBuildPhase section */

/* Begin PBXVariantGroup section */
		683207292BCA4BDA00817BC4 /* Main.storyboard */ = {
			isa = PBXVariantGroup;
			children = (
				6832072A2BCA4BDA00817BC4 /* Base */,
			);
			name = Main.storyboard;
			sourceTree = "<group>";
		};
		6832072E2BCA4BDB00817BC4 /* LaunchScreen.storyboard */ = {
			isa = PBXVariantGroup;
			children = (
				6832072F2BCA4BDB00817BC4 /* Base */,
			);
			name = LaunchScreen.storyboard;
			sourceTree = "<group>";
		};
/* End PBXVariantGroup section */

/* Begin XCBuildConfiguration section */
		683207322BCA4BDB00817BC4 /* Debug */ = {
			isa = XCBuildConfiguration;
			buildSettings = {
				ALWAYS_SEARCH_USER_PATHS = NO;
				CLANG_ANALYZER_NONNULL = YES;
				CLANG_ANALYZER_NUMBER_OBJECT_CONVERSION = YES_AGGRESSIVE;
				CLANG_CXX_LANGUAGE_STANDARD = "gnu++20";
				CLANG_ENABLE_MODULES = YES;
				CLANG_ENABLE_OBJC_ARC = YES;
				CLANG_ENABLE_OBJC_WEAK = YES;
				CLANG_WARN_BLOCK_CAPTURE_AUTORELEASING = YES;
				CLANG_WARN_BOOL_CONVERSION = YES;
				CLANG_WARN_COMMA = YES;
				CLANG_WARN_CONSTANT_CONVERSION = YES;
				CLANG_WARN_DEPRECATED_OBJC_IMPLEMENTATIONS = YES;
				CLANG_WARN_DIRECT_OBJC_ISA_USAGE = YES_ERROR;
				CLANG_WARN_DOCUMENTATION_COMMENTS = YES;
				CLANG_WARN_EMPTY_BODY = YES;
				CLANG_WARN_ENUM_CONVERSION = YES;
				CLANG_WARN_INFINITE_RECURSION = YES;
				CLANG_WARN_INT_CONVERSION = YES;
				CLANG_WARN_NON_LITERAL_NULL_CONVERSION = YES;
				CLANG_WARN_OBJC_IMPLICIT_RETAIN_SELF = YES;
				CLANG_WARN_OBJC_LITERAL_CONVERSION = YES;
				CLANG_WARN_OBJC_ROOT_CLASS = YES_ERROR;
				CLANG_WARN_QUOTED_INCLUDE_IN_FRAMEWORK_HEADER = YES;
				CLANG_WARN_RANGE_LOOP_ANALYSIS = YES;
				CLANG_WARN_STRICT_PROTOTYPES = YES;
				CLANG_WARN_SUSPICIOUS_MOVE = YES;
				CLANG_WARN_UNGUARDED_AVAILABILITY = YES_AGGRESSIVE;
				CLANG_WARN_UNREACHABLE_CODE = YES;
				CLANG_WARN__DUPLICATE_METHOD_MATCH = YES;
				COPY_PHASE_STRIP = NO;
				DEBUG_INFORMATION_FORMAT = dwarf;
				ENABLE_STRICT_OBJC_MSGSEND = YES;
				ENABLE_TESTABILITY = YES;
				GCC_C_LANGUAGE_STANDARD = gnu11;
				GCC_DYNAMIC_NO_PIC = NO;
				GCC_NO_COMMON_BLOCKS = YES;
				GCC_OPTIMIZATION_LEVEL = 0;
				GCC_PREPROCESSOR_DEFINITIONS = (
					"DEBUG=1",
					"$(inherited)",
				);
				GCC_WARN_64_TO_32_BIT_CONVERSION = YES;
				GCC_WARN_ABOUT_RETURN_TYPE = YES_ERROR;
				GCC_WARN_UNDECLARED_SELECTOR = YES;
				GCC_WARN_UNINITIALIZED_AUTOS = YES_AGGRESSIVE;
				GCC_WARN_UNUSED_FUNCTION = YES;
				GCC_WARN_UNUSED_VARIABLE = YES;
				IPHONEOS_DEPLOYMENT_TARGET = 16.0;
				MTL_ENABLE_DEBUG_INFO = INCLUDE_SOURCE;
				MTL_FAST_MATH = YES;
				ONLY_ACTIVE_ARCH = YES;
				SDKROOT = iphoneos;
				SWIFT_ACTIVE_COMPILATION_CONDITIONS = DEBUG;
				SWIFT_OPTIMIZATION_LEVEL = "-Onone";
			};
			name = Debug;
		};
		683207332BCA4BDB00817BC4 /* Release */ = {
			isa = XCBuildConfiguration;
			buildSettings = {
				ALWAYS_SEARCH_USER_PATHS = NO;
				CLANG_ANALYZER_NONNULL = YES;
				CLANG_ANALYZER_NUMBER_OBJECT_CONVERSION = YES_AGGRESSIVE;
				CLANG_CXX_LANGUAGE_STANDARD = "gnu++20";
				CLANG_ENABLE_MODULES = YES;
				CLANG_ENABLE_OBJC_ARC = YES;
				CLANG_ENABLE_OBJC_WEAK = YES;
				CLANG_WARN_BLOCK_CAPTURE_AUTORELEASING = YES;
				CLANG_WARN_BOOL_CONVERSION = YES;
				CLANG_WARN_COMMA = YES;
				CLANG_WARN_CONSTANT_CONVERSION = YES;
				CLANG_WARN_DEPRECATED_OBJC_IMPLEMENTATIONS = YES;
				CLANG_WARN_DIRECT_OBJC_ISA_USAGE = YES_ERROR;
				CLANG_WARN_DOCUMENTATION_COMMENTS = YES;
				CLANG_WARN_EMPTY_BODY = YES;
				CLANG_WARN_ENUM_CONVERSION = YES;
				CLANG_WARN_INFINITE_RECURSION = YES;
				CLANG_WARN_INT_CONVERSION = YES;
				CLANG_WARN_NON_LITERAL_NULL_CONVERSION = YES;
				CLANG_WARN_OBJC_IMPLICIT_RETAIN_SELF = YES;
				CLANG_WARN_OBJC_LITERAL_CONVERSION = YES;
				CLANG_WARN_OBJC_ROOT_CLASS = YES_ERROR;
				CLANG_WARN_QUOTED_INCLUDE_IN_FRAMEWORK_HEADER = YES;
				CLANG_WARN_RANGE_LOOP_ANALYSIS = YES;
				CLANG_WARN_STRICT_PROTOTYPES = YES;
				CLANG_WARN_SUSPICIOUS_MOVE = YES;
				CLANG_WARN_UNGUARDED_AVAILABILITY = YES_AGGRESSIVE;
				CLANG_WARN_UNREACHABLE_CODE = YES;
				CLANG_WARN__DUPLICATE_METHOD_MATCH = YES;
				COPY_PHASE_STRIP = NO;
				DEBUG_INFORMATION_FORMAT = "dwarf-with-dsym";
				ENABLE_NS_ASSERTIONS = NO;
				ENABLE_STRICT_OBJC_MSGSEND = YES;
				GCC_C_LANGUAGE_STANDARD = gnu11;
				GCC_NO_COMMON_BLOCKS = YES;
				GCC_WARN_64_TO_32_BIT_CONVERSION = YES;
				GCC_WARN_ABOUT_RETURN_TYPE = YES_ERROR;
				GCC_WARN_UNDECLARED_SELECTOR = YES;
				GCC_WARN_UNINITIALIZED_AUTOS = YES_AGGRESSIVE;
				GCC_WARN_UNUSED_FUNCTION = YES;
				GCC_WARN_UNUSED_VARIABLE = YES;
				IPHONEOS_DEPLOYMENT_TARGET = 16.0;
				MTL_ENABLE_DEBUG_INFO = NO;
				MTL_FAST_MATH = YES;
				SDKROOT = iphoneos;
				SWIFT_COMPILATION_MODE = wholemodule;
				SWIFT_OPTIMIZATION_LEVEL = "-O";
				VALIDATE_PRODUCT = YES;
			};
			name = Release;
		};
		683207352BCA4BDB00817BC4 /* Debug */ = {
			isa = XCBuildConfiguration;
			buildSettings = {
				ASSETCATALOG_COMPILER_APPICON_NAME = AppIcon;
				ASSETCATALOG_COMPILER_GLOBAL_ACCENT_COLOR_NAME = AccentColor;
				CODE_SIGN_STYLE = Automatic;
				CURRENT_PROJECT_VERSION = 1;
				DEVELOPMENT_TEAM = W669X37752;
				GENERATE_INFOPLIST_FILE = YES;
				INFOPLIST_FILE = 22_01_24_MVVMDemo/Info.plist;
				INFOPLIST_KEY_UIApplicationSupportsIndirectInputEvents = YES;
				INFOPLIST_KEY_UILaunchStoryboardName = LaunchScreen;
				INFOPLIST_KEY_UIMainStoryboardFile = Main;
				INFOPLIST_KEY_UISupportedInterfaceOrientations_iPad = "UIInterfaceOrientationPortrait UIInterfaceOrientationPortraitUpsideDown UIInterfaceOrientationLandscapeLeft UIInterfaceOrientationLandscapeRight";
				INFOPLIST_KEY_UISupportedInterfaceOrientations_iPhone = "UIInterfaceOrientationPortrait UIInterfaceOrientationLandscapeLeft UIInterfaceOrientationLandscapeRight";
				LD_RUNPATH_SEARCH_PATHS = (
					"$(inherited)",
					"@executable_path/Frameworks",
				);
				MARKETING_VERSION = 1.0;
				PRODUCT_BUNDLE_IDENTIFIER = "in.bitcode.-2-01-24-MVVMDemo";
				PRODUCT_NAME = "$(TARGET_NAME)";
				SWIFT_EMIT_LOC_STRINGS = YES;
				SWIFT_VERSION = 5.0;
				TARGETED_DEVICE_FAMILY = "1,2";
			};
			name = Debug;
		};
		683207362BCA4BDB00817BC4 /* Release */ = {
			isa = XCBuildConfiguration;
			buildSettings = {
				ASSETCATALOG_COMPILER_APPICON_NAME = AppIcon;
				ASSETCATALOG_COMPILER_GLOBAL_ACCENT_COLOR_NAME = AccentColor;
				CODE_SIGN_STYLE = Automatic;
				CURRENT_PROJECT_VERSION = 1;
				DEVELOPMENT_TEAM = W669X37752;
				GENERATE_INFOPLIST_FILE = YES;
				INFOPLIST_FILE = 22_01_24_MVVMDemo/Info.plist;
				INFOPLIST_KEY_UIApplicationSupportsIndirectInputEvents = YES;
				INFOPLIST_KEY_UILaunchStoryboardName = LaunchScreen;
				INFOPLIST_KEY_UIMainStoryboardFile = Main;
				INFOPLIST_KEY_UISupportedInterfaceOrientations_iPad = "UIInterfaceOrientationPortrait UIInterfaceOrientationPortraitUpsideDown UIInterfaceOrientationLandscapeLeft UIInterfaceOrientationLandscapeRight";
				INFOPLIST_KEY_UISupportedInterfaceOrientations_iPhone = "UIInterfaceOrientationPortrait UIInterfaceOrientationLandscapeLeft UIInterfaceOrientationLandscapeRight";
				LD_RUNPATH_SEARCH_PATHS = (
					"$(inherited)",
					"@executable_path/Frameworks",
				);
				MARKETING_VERSION = 1.0;
				PRODUCT_BUNDLE_IDENTIFIER = "in.bitcode.-2-01-24-MVVMDemo";
				PRODUCT_NAME = "$(TARGET_NAME)";
				SWIFT_EMIT_LOC_STRINGS = YES;
				SWIFT_VERSION = 5.0;
				TARGETED_DEVICE_FAMILY = "1,2";
			};
			name = Release;
		};
/* End XCBuildConfiguration section */

/* Begin XCConfigurationList section */
		6832071B2BCA4BDA00817BC4 /* Build configuration list for PBXProject "22_01_24_MVVMDemo" */ = {
			isa = XCConfigurationList;
			buildConfigurations = (
				683207322BCA4BDB00817BC4 /* Debug */,
				683207332BCA4BDB00817BC4 /* Release */,
			);
			defaultConfigurationIsVisible = 0;
			defaultConfigurationName = Release;
		};
		683207342BCA4BDB00817BC4 /* Build configuration list for PBXNativeTarget "22_01_24_MVVMDemo" */ = {
			isa = XCConfigurationList;
			buildConfigurations = (
				683207352BCA4BDB00817BC4 /* Debug */,
				683207362BCA4BDB00817BC4 /* Release */,
			);
			defaultConfigurationIsVisible = 0;
			defaultConfigurationName = Release;
		};
/* End XCConfigurationList section */
	};
	rootObject = 683207182BCA4BDA00817BC4 /* Project object */;
}
